
Microsoft Visual Studio Solution File, Format Version 12.00
# Visual Studio Version 16
VisualStudioVersion = 16.0.30804.86
MinimumVisualStudioVersion = 10.0.40219.1
Project("{8BC9CEB8-8B4A-11D0-8D11-00A0C91BC942}") = "ProiectOOP-AC Phase1", "ProiectOOP-AC Phase1\ProiectOOP-AC Phase1.vcxproj", "{035C8F6B-C406-4A9D-A465-B7535E5F353E}"
EndProject
Project("{8BC9CEB8-8B4A-11D0-8D11-00A0C91BC942}") = "ProiectOOP-Partituri Phase1", "ProiectOOP-Partituri Phase1\ProiectOOP-Partituri Phase1.vcxproj", "{28DD6A65-0009-45E4-9B1C-311923397F2A}"
EndProject
Project("{8BC9CEB8-8B4A-11D0-8D11-00A0C91BC942}") = "Arpegio", "Arpegio\Arpegio.vcxproj", "{034D871D-29CF-407C-A211-3636E9FFB799}"
EndProject
Global
	GlobalSection(SolutionConfigurationPlatforms) = preSolution
		Debug|x64 = Debug|x64
		Debug|x86 = Debug|x86
		Release|x64 = Release|x64
		Release|x86 = Release|x86
	EndGlobalSection
	GlobalSection(ProjectConfigurationPlatforms) = postSolution
		{035C8F6B-C406-4A9D-A465-B7535E5F353E}.Debug|x64.ActiveCfg = Debug|x64
		{035C8F6B-C406-4A9D-A465-B7535E5F353E}.Debug|x64.Build.0 = Debug|x64
		{035C8F6B-C406-4A9D-A465-B7535E5F353E}.Debug|x86.ActiveCfg = Debug|Win32
		{035C8F6B-C406-4A9D-A465-B7535E5F353E}.Debug|x86.Build.0 = Debug|Win32
		{035C8F6B-C406-4A9D-A465-B7535E5F353E}.Release|x64.ActiveCfg = Release|x64
		{035C8F6B-C406-4A9D-A465-B7535E5F353E}.Release|x64.Build.0 = Release|x64
		{035C8F6B-C406-4A9D-A465-B7535E5F353E}.Release|x86.ActiveCfg = Release|Win32
		{035C8F6B-C406-4A9D-A465-B7535E5F353E}.Release|x86.Build.0 = Release|Win32
		{28DD6A65-0009-45E4-9B1C-311923397F2A}.Debug|x64.ActiveCfg = Debug|x64
		{28DD6A65-0009-45E4-9B1C-311923397F2A}.Debug|x64.Build.0 = Debug|x64
		{28DD6A65-0009-45E4-9B1C-311923397F2A}.Debug|x86.ActiveCfg = Debug|Win32
		{28DD6A65-0009-45E4-9B1C-311923397F2A}.Debug|x86.Build.0 = Debug|Win32
		{28DD6A65-0009-45E4-9B1C-311923397F2A}.Release|x64.ActiveCfg = Release|x64
		{28DD6A65-0009-45E4-9B1C-311923397F2A}.Release|x64.Build.0 = Release|x64
		{28DD6A65-0009-45E4-9B1C-311923397F2A}.Release|x86.ActiveCfg = Release|Win32
		{28DD6A65-0009-45E4-9B1C-311923397F2A}.Release|x86.Build.0 = Release|Win32
		{034D871D-29CF-407C-A211-3636E9FFB799}.Debug|x64.ActiveCfg = Debug|x64
		{034D871D-29CF-407C-A211-3636E9FFB799}.Debug|x64.Build.0 = Debug|x64
		{034D871D-29CF-407C-A211-3636E9FFB799}.Debug|x86.ActiveCfg = Debug|Win32
		{034D871D-29CF-407C-A211-3636E9FFB799}.Debug|x86.Build.0 = Debug|Win32
		{034D871D-29CF-407C-A211-3636E9FFB799}.Release|x64.ActiveCfg = Release|x64
		{034D871D-29CF-407C-A211-3636E9FFB799}.Release|x64.Build.0 = Release|x64
		{034D871D-29CF-407C-A211-3636E9FFB799}.Release|x86.ActiveCfg = Release|Win32
		{034D871D-29CF-407C-A211-3636E9FFB799}.Release|x86.Build.0 = Release|Win32
	EndGlobalSection
	GlobalSection(SolutionProperties) = preSolution
		HideSolutionNode = FALSE
	EndGlobalSection
	GlobalSection(ExtensibilityGlobals) = postSolution
		SolutionGuid = {08251350-5420-4639-B52F-22351188B43B}
	EndGlobalSection
EndGlobal
